
Microsoft Visual Studio Solution File, Format Version 12.00
# Visual Studio Version 17
VisualStudioVersion = 17.14.36414.22
MinimumVisualStudioVersion = 10.0.40219.1
Project("{FAE04EC0-301F-11D3-BF4B-00C04F79EFBC}") = "ContractMonthlyClaimSystem", "ContractMonthlyClaimSystem.csproj", "{499CB20B-5CA2-4E43-A1E2-EE3BA6DEF2B5}"
EndProject
Project("{FAE04EC0-301F-11D3-BF4B-00C04F79EFBC}") = "ContractMonthlyClaimSystem.Tests", "..\ContractMonthlyClaimSystem.Tests\ContractMonthlyClaimSystem.Tests.csproj", "{5FACF466-7E3F-4C7A-809D-EB04AF4495C7}"
EndProject
Global
	GlobalSection(SolutionConfigurationPlatforms) = preSolution
		Debug|Any CPU = Debug|Any CPU
		Release|Any CPU = Release|Any CPU
	EndGlobalSection
	GlobalSection(ProjectConfigurationPlatforms) = postSolution
		{499CB20B-5CA2-4E43-A1E2-EE3BA6DEF2B5}.Debug|Any CPU.ActiveCfg = Debug|Any CPU
		{499CB20B-5CA2-4E43-A1E2-EE3BA6DEF2B5}.Debug|Any CPU.Build.0 = Debug|Any CPU
		{499CB20B-5CA2-4E43-A1E2-EE3BA6DEF2B5}.Release|Any CPU.ActiveCfg = Release|Any CPU
		{499CB20B-5CA2-4E43-A1E2-EE3BA6DEF2B5}.Release|Any CPU.Build.0 = Release|Any CPU
		{5FACF466-7E3F-4C7A-809D-EB04AF4495C7}.Debug|Any CPU.ActiveCfg = Debug|Any CPU
		{5FACF466-7E3F-4C7A-809D-EB04AF4495C7}.Debug|Any CPU.Build.0 = Debug|Any CPU
		{5FACF466-7E3F-4C7A-809D-EB04AF4495C7}.Release|Any CPU.ActiveCfg = Release|Any CPU
		{5FACF466-7E3F-4C7A-809D-EB04AF4495C7}.Release|Any CPU.Build.0 = Release|Any CPU
	EndGlobalSection
	GlobalSection(SolutionProperties) = preSolution
		HideSolutionNode = FALSE
	EndGlobalSection
	GlobalSection(ExtensibilityGlobals) = postSolution
		SolutionGuid = {18A2BD67-BAFB-47DA-A86F-3277BFABE109}
	EndGlobalSection
EndGlobal
